github.com/koustubhmoharir/pathern/patherngo/pathern v0.2.0 h1:YDfPFz9ndu2AsyMgfR5Yfvm8tkLRnZkC5f8ZNowIqj0=
github.com/koustubhmoharir/pathern/patherngo/pathern v0.2.0/go.mod h1:hgZReN/PGq6YxorpEOCm5HCUOYbRb4vZ31s5FVYU85o=
github.com/koustubhmoharir/xtn/xtngo/xtn v0.1.0 h1:jAA5XHyF+MIG5LDJsiWWaAPP+ZR1lXvflciZejMZ7Ec=
github.com/koustubhmoharir/xtn/xtngo/xtn v0.1.0/go.mod h1:98opzo90qcAxOSxkGRnvRFtJU+n0zZzeXHEy8riLfQ0=
